
Microsoft Visual Studio Solution File, Format Version 12.00
# Visual Studio Version 17
VisualStudioVersion = 17.5.002.0
MinimumVisualStudioVersion = 10.0.40219.1
Project("{2150E333-8FDC-42A3-9474-1A3956D46DE8}") = "prepare", "prepare", "{832BBAFF-8C60-45FE-9C5A-F615A25B549B}"
EndProject
Project("{9A19103F-16F7-4668-BE54-9A1E7A4F7556}") = "Learning02", "prepare\Learning02\Learning02.csproj", "{0344AA8C-7E89-411A-980D-D448B387111E}"
EndProject
Project("{9A19103F-16F7-4668-BE54-9A1E7A4F7556}") = "Learning05", "prepare\Learning05\Learning05.csproj", "{95D2A073-0487-42C5-BAA7-8DE8F4D87282}"
EndProject
Project("{9A19103F-16F7-4668-BE54-9A1E7A4F7556}") = "Learning04", "prepare\Learning04\Learning04.csproj", "{2EC698FC-9BD4-4694-A40E-2F72E0285CA9}"
EndProject
Project("{9A19103F-16F7-4668-BE54-9A1E7A4F7556}") = "Learning03", "prepare\Learning03\Learning03.csproj", "{A0F332FB-4E11-4155-BF07-46C251B14E29}"
EndProject
Project("{2150E333-8FDC-42A3-9474-1A3956D46DE8}") = "prove", "prove", "{4158E218-4C2B-4ABA-A59D-9F860D255213}"
EndProject
Project("{9A19103F-16F7-4668-BE54-9A1E7A4F7556}") = "Develop03", "prove\Develop03\Develop03.csproj", "{118DE420-C9BC-4388-A1EC-E2A42AD90B01}"
EndProject
Project("{9A19103F-16F7-4668-BE54-9A1E7A4F7556}") = "Develop04", "prove\Develop04\Develop04.csproj", "{98D543D0-33D5-4BB4-BB59-E46288ED9EC8}"
EndProject
Project("{9A19103F-16F7-4668-BE54-9A1E7A4F7556}") = "Develop05", "prove\Develop05\Develop05.csproj", "{FDA4E20D-B04F-4932-A044-3F8205C8E9AF}"
EndProject
Project("{9A19103F-16F7-4668-BE54-9A1E7A4F7556}") = "Develop02", "prove\Develop02\Develop02.csproj", "{C0765F85-1A81-4890-83BB-93775AD3153B}"
EndProject
Project("{2150E333-8FDC-42A3-9474-1A3956D46DE8}") = "sandbox", "sandbox", "{94FA0020-F7F1-4520-A3F4-EDFFB150FD60}"
EndProject
Project("{9A19103F-16F7-4668-BE54-9A1E7A4F7556}") = "Sandbox", "sandbox\Sandbox\Sandbox.csproj", "{89149A3A-E060-40DC-9214-115AFEB346C9}"
EndProject
Project("{2150E333-8FDC-42A3-9474-1A3956D46DE8}") = "final", "final", "{97B0BBF4-B7DF-4CAC-9471-7AC94260BF5A}"
EndProject
Project("{9A19103F-16F7-4668-BE54-9A1E7A4F7556}") = "FinalProject", "final\FinalProject\FinalProject.csproj", "{D5103F29-E79E-4CA3-94C2-6046321BAF94}"
EndProject
Project("{9A19103F-16F7-4668-BE54-9A1E7A4F7556}") = "Foundation1", "final\Foundation1\Foundation1.csproj", "{6BBD598F-3B98-461A-85DE-4FFF56E1F2DF}"
EndProject
Project("{9A19103F-16F7-4668-BE54-9A1E7A4F7556}") = "Foundation4", "final\Foundation4\Foundation4.csproj", "{6AAE87C7-5EF3-49EC-BC55-E6A0A8A018F8}"
EndProject
Project("{9A19103F-16F7-4668-BE54-9A1E7A4F7556}") = "Foundation3", "final\Foundation3\Foundation3.csproj", "{73B7466A-C7DD-4F02-A43F-8C5A35876F73}"
EndProject
Project("{9A19103F-16F7-4668-BE54-9A1E7A4F7556}") = "Foundation2", "final\Foundation2\Foundation2.csproj", "{C122DCDE-C221-4785-A75E-E416AB936EFC}"
EndProject
Project("{2150E333-8FDC-42A3-9474-1A3956D46DE8}") = "csharp-prep", "csharp-prep", "{895E9332-B561-478C-940F-B999A447E11D}"
EndProject
Project("{9A19103F-16F7-4668-BE54-9A1E7A4F7556}") = "Prep1", "csharp-prep\Prep1\Prep1.csproj", "{7B653897-24AF-418A-B9E6-50A60ACF8C99}"
EndProject
Project("{9A19103F-16F7-4668-BE54-9A1E7A4F7556}") = "Prep5", "csharp-prep\Prep5\Prep5.csproj", "{B4777B09-73E7-4618-95E4-A6B1C570EC14}"
EndProject
Project("{9A19103F-16F7-4668-BE54-9A1E7A4F7556}") = "Prep2", "csharp-prep\Prep2\Prep2.csproj", "{737100AD-9B8E-4187-A4C5-F8101AFD232B}"
EndProject
Project("{9A19103F-16F7-4668-BE54-9A1E7A4F7556}") = "Prep3", "csharp-prep\Prep3\Prep3.csproj", "{1E69B0AA-C20A-4B12-B911-89421EE45E8C}"
EndProject
Project("{9A19103F-16F7-4668-BE54-9A1E7A4F7556}") = "Prep4", "csharp-prep\Prep4\Prep4.csproj", "{3D8DC9C6-26FA-47E3-99BE-D849F6A618AC}"
EndProject
Global
	GlobalSection(SolutionConfigurationPlatforms) = preSolution
		Debug|Any CPU = Debug|Any CPU
		Release|Any CPU = Release|Any CPU
	EndGlobalSection
	GlobalSection(ProjectConfigurationPlatforms) = postSolution
		{0344AA8C-7E89-411A-980D-D448B387111E}.Debug|Any CPU.ActiveCfg = Debug|Any CPU
		{0344AA8C-7E89-411A-980D-D448B387111E}.Debug|Any CPU.Build.0 = Debug|Any CPU
		{0344AA8C-7E89-411A-980D-D448B387111E}.Release|Any CPU.ActiveCfg = Release|Any CPU
		{0344AA8C-7E89-411A-980D-D448B387111E}.Release|Any CPU.Build.0 = Release|Any CPU
		{95D2A073-0487-42C5-BAA7-8DE8F4D87282}.Debug|Any CPU.ActiveCfg = Debug|Any CPU
		{95D2A073-0487-42C5-BAA7-8DE8F4D87282}.Debug|Any CPU.Build.0 = Debug|Any CPU
		{95D2A073-0487-42C5-BAA7-8DE8F4D87282}.Release|Any CPU.ActiveCfg = Release|Any CPU
		{95D2A073-0487-42C5-BAA7-8DE8F4D87282}.Release|Any CPU.Build.0 = Release|Any CPU
		{2EC698FC-9BD4-4694-A40E-2F72E0285CA9}.Debug|Any CPU.ActiveCfg = Debug|Any CPU
		{2EC698FC-9BD4-4694-A40E-2F72E0285CA9}.Debug|Any CPU.Build.0 = Debug|Any CPU
		{2EC698FC-9BD4-4694-A40E-2F72E0285CA9}.Release|Any CPU.ActiveCfg = Release|Any CPU
		{2EC698FC-9BD4-4694-A40E-2F72E0285CA9}.Release|Any CPU.Build.0 = Release|Any CPU
		{A0F332FB-4E11-4155-BF07-46C251B14E29}.Debug|Any CPU.ActiveCfg = Debug|Any CPU
		{A0F332FB-4E11-4155-BF07-46C251B14E29}.Debug|Any CPU.Build.0 = Debug|Any CPU
		{A0F332FB-4E11-4155-BF07-46C251B14E29}.Release|Any CPU.ActiveCfg = Release|Any CPU
		{A0F332FB-4E11-4155-BF07-46C251B14E29}.Release|Any CPU.Build.0 = Release|Any CPU
		{118DE420-C9BC-4388-A1EC-E2A42AD90B01}.Debug|Any CPU.ActiveCfg = Debug|Any CPU
		{118DE420-C9BC-4388-A1EC-E2A42AD90B01}.Debug|Any CPU.Build.0 = Debug|Any CPU
		{118DE420-C9BC-4388-A1EC-E2A42AD90B01}.Release|Any CPU.ActiveCfg = Release|Any CPU
		{118DE420-C9BC-4388-A1EC-E2A42AD90B01}.Release|Any CPU.Build.0 = Release|Any CPU
		{98D543D0-33D5-4BB4-BB59-E46288ED9EC8}.Debug|Any CPU.ActiveCfg = Debug|Any CPU
		{98D543D0-33D5-4BB4-BB59-E46288ED9EC8}.Debug|Any CPU.Build.0 = Debug|Any CPU
		{98D543D0-33D5-4BB4-BB59-E46288ED9EC8}.Release|Any CPU.ActiveCfg = Release|Any CPU
		{98D543D0-33D5-4BB4-BB59-E46288ED9EC8}.Release|Any CPU.Build.0 = Release|Any CPU
		{FDA4E20D-B04F-4932-A044-3F8205C8E9AF}.Debug|Any CPU.ActiveCfg = Debug|Any CPU
		{FDA4E20D-B04F-4932-A044-3F8205C8E9AF}.Debug|Any CPU.Build.0 = Debug|Any CPU
		{FDA4E20D-B04F-4932-A044-3F8205C8E9AF}.Release|Any CPU.ActiveCfg = Release|Any CPU
		{FDA4E20D-B04F-4932-A044-3F8205C8E9AF}.Release|Any CPU.Build.0 = Release|Any CPU
		{C0765F85-1A81-4890-83BB-93775AD3153B}.Debug|Any CPU.ActiveCfg = Debug|Any CPU
		{C0765F85-1A81-4890-83BB-93775AD3153B}.Debug|Any CPU.Build.0 = Debug|Any CPU
		{C0765F85-1A81-4890-83BB-93775AD3153B}.Release|Any CPU.ActiveCfg = Release|Any CPU
		{C0765F85-1A81-4890-83BB-93775AD3153B}.Release|Any CPU.Build.0 = Release|Any CPU
		{89149A3A-E060-40DC-9214-115AFEB346C9}.Debug|Any CPU.ActiveCfg = Debug|Any CPU
		{89149A3A-E060-40DC-9214-115AFEB346C9}.Debug|Any CPU.Build.0 = Debug|Any CPU
		{89149A3A-E060-40DC-9214-115AFEB346C9}.Release|Any CPU.ActiveCfg = Release|Any CPU
		{89149A3A-E060-40DC-9214-115AFEB346C9}.Release|Any CPU.Build.0 = Release|Any CPU
		{D5103F29-E79E-4CA3-94C2-6046321BAF94}.Debug|Any CPU.ActiveCfg = Debug|Any CPU
		{D5103F29-E79E-4CA3-94C2-6046321BAF94}.Debug|Any CPU.Build.0 = Debug|Any CPU
		{D5103F29-E79E-4CA3-94C2-6046321BAF94}.Release|Any CPU.ActiveCfg = Release|Any CPU
		{D5103F29-E79E-4CA3-94C2-6046321BAF94}.Release|Any CPU.Build.0 = Release|Any CPU
		{6BBD598F-3B98-461A-85DE-4FFF56E1F2DF}.Debug|Any CPU.ActiveCfg = Debug|Any CPU
		{6BBD598F-3B98-461A-85DE-4FFF56E1F2DF}.Debug|Any CPU.Build.0 = Debug|Any CPU
		{6BBD598F-3B98-461A-85DE-4FFF56E1F2DF}.Release|Any CPU.ActiveCfg = Release|Any CPU
		{6BBD598F-3B98-461A-85DE-4FFF56E1F2DF}.Release|Any CPU.Build.0 = Release|Any CPU
		{6AAE87C7-5EF3-49EC-BC55-E6A0A8A018F8}.Debug|Any CPU.ActiveCfg = Debug|Any CPU
		{6AAE87C7-5EF3-49EC-BC55-E6A0A8A018F8}.Debug|Any CPU.Build.0 = Debug|Any CPU
		{6AAE87C7-5EF3-49EC-BC55-E6A0A8A018F8}.Release|Any CPU.ActiveCfg = Release|Any CPU
		{6AAE87C7-5EF3-49EC-BC55-E6A0A8A018F8}.Release|Any CPU.Build.0 = Release|Any CPU
		{73B7466A-C7DD-4F02-A43F-8C5A35876F73}.Debug|Any CPU.ActiveCfg = Debug|Any CPU
		{73B7466A-C7DD-4F02-A43F-8C5A35876F73}.Debug|Any CPU.Build.0 = Debug|Any CPU
		{73B7466A-C7DD-4F02-A43F-8C5A35876F73}.Release|Any CPU.ActiveCfg = Release|Any CPU
		{73B7466A-C7DD-4F02-A43F-8C5A35876F73}.Release|Any CPU.Build.0 = Release|Any CPU
		{C122DCDE-C221-4785-A75E-E416AB936EFC}.Debug|Any CPU.ActiveCfg = Debug|Any CPU
		{C122DCDE-C221-4785-A75E-E416AB936EFC}.Debug|Any CPU.Build.0 = Debug|Any CPU
		{C122DCDE-C221-4785-A75E-E416AB936EFC}.Release|Any CPU.ActiveCfg = Release|Any CPU
		{C122DCDE-C221-4785-A75E-E416AB936EFC}.Release|Any CPU.Build.0 = Release|Any CPU
		{7B653897-24AF-418A-B9E6-50A60ACF8C99}.Debug|Any CPU.ActiveCfg = Debug|Any CPU
		{7B653897-24AF-418A-B9E6-50A60ACF8C99}.Debug|Any CPU.Build.0 = Debug|Any CPU
		{7B653897-24AF-418A-B9E6-50A60ACF8C99}.Release|Any CPU.ActiveCfg = Release|Any CPU
		{7B653897-24AF-418A-B9E6-50A60ACF8C99}.Release|Any CPU.Build.0 = Release|Any CPU
		{B4777B09-73E7-4618-95E4-A6B1C570EC14}.Debug|Any CPU.ActiveCfg = Debug|Any CPU
		{B4777B09-73E7-4618-95E4-A6B1C570EC14}.Debug|Any CPU.Build.0 = Debug|Any CPU
		{B4777B09-73E7-4618-95E4-A6B1C570EC14}.Release|Any CPU.ActiveCfg = Release|Any CPU
		{B4777B09-73E7-4618-95E4-A6B1C570EC14}.Release|Any CPU.Build.0 = Release|Any CPU
		{737100AD-9B8E-4187-A4C5-F8101AFD232B}.Debug|Any CPU.ActiveCfg = Debug|Any CPU
		{737100AD-9B8E-4187-A4C5-F8101AFD232B}.Debug|Any CPU.Build.0 = Debug|Any CPU
		{737100AD-9B8E-4187-A4C5-F8101AFD232B}.Release|Any CPU.ActiveCfg = Release|Any CPU
		{737100AD-9B8E-4187-A4C5-F8101AFD232B}.Release|Any CPU.Build.0 = Release|Any CPU
		{1E69B0AA-C20A-4B12-B911-89421EE45E8C}.Debug|Any CPU.ActiveCfg = Debug|Any CPU
		{1E69B0AA-C20A-4B12-B911-89421EE45E8C}.Debug|Any CPU.Build.0 = Debug|Any CPU
		{1E69B0AA-C20A-4B12-B911-89421EE45E8C}.Release|Any CPU.ActiveCfg = Release|Any CPU
		{1E69B0AA-C20A-4B12-B911-89421EE45E8C}.Release|Any CPU.Build.0 = Release|Any CPU
		{3D8DC9C6-26FA-47E3-99BE-D849F6A618AC}.Debug|Any CPU.ActiveCfg = Debug|Any CPU
		{3D8DC9C6-26FA-47E3-99BE-D849F6A618AC}.Debug|Any CPU.Build.0 = Debug|Any CPU
		{3D8DC9C6-26FA-47E3-99BE-D849F6A618AC}.Release|Any CPU.ActiveCfg = Release|Any CPU
		{3D8DC9C6-26FA-47E3-99BE-D849F6A618AC}.Release|Any CPU.Build.0 = Release|Any CPU
	EndGlobalSection
	GlobalSection(SolutionProperties) = preSolution
		HideSolutionNode = FALSE
	EndGlobalSection
	GlobalSection(NestedProjects) = preSolution
		{0344AA8C-7E89-411A-980D-D448B387111E} = {832BBAFF-8C60-45FE-9C5A-F615A25B549B}
		{95D2A073-0487-42C5-BAA7-8DE8F4D87282} = {832BBAFF-8C60-45FE-9C5A-F615A25B549B}
		{2EC698FC-9BD4-4694-A40E-2F72E0285CA9} = {832BBAFF-8C60-45FE-9C5A-F615A25B549B}
		{A0F332FB-4E11-4155-BF07-46C251B14E29} = {832BBAFF-8C60-45FE-9C5A-F615A25B549B}
		{118DE420-C9BC-4388-A1EC-E2A42AD90B01} = {4158E218-4C2B-4ABA-A59D-9F860D255213}
		{98D543D0-33D5-4BB4-BB59-E46288ED9EC8} = {4158E218-4C2B-4ABA-A59D-9F860D255213}
		{FDA4E20D-B04F-4932-A044-3F8205C8E9AF} = {4158E218-4C2B-4ABA-A59D-9F860D255213}
		{C0765F85-1A81-4890-83BB-93775AD3153B} = {4158E218-4C2B-4ABA-A59D-9F860D255213}
		{89149A3A-E060-40DC-9214-115AFEB346C9} = {94FA0020-F7F1-4520-A3F4-EDFFB150FD60}
		{D5103F29-E79E-4CA3-94C2-6046321BAF94} = {97B0BBF4-B7DF-4CAC-9471-7AC94260BF5A}
		{6BBD598F-3B98-461A-85DE-4FFF56E1F2DF} = {97B0BBF4-B7DF-4CAC-9471-7AC94260BF5A}
		{6AAE87C7-5EF3-49EC-BC55-E6A0A8A018F8} = {97B0BBF4-B7DF-4CAC-9471-7AC94260BF5A}
		{73B7466A-C7DD-4F02-A43F-8C5A35876F73} = {97B0BBF4-B7DF-4CAC-9471-7AC94260BF5A}
		{C122DCDE-C221-4785-A75E-E416AB936EFC} = {97B0BBF4-B7DF-4CAC-9471-7AC94260BF5A}
		{7B653897-24AF-418A-B9E6-50A60ACF8C99} = {895E9332-B561-478C-940F-B999A447E11D}
		{B4777B09-73E7-4618-95E4-A6B1C570EC14} = {895E9332-B561-478C-940F-B999A447E11D}
		{737100AD-9B8E-4187-A4C5-F8101AFD232B} = {895E9332-B561-478C-940F-B999A447E11D}
		{1E69B0AA-C20A-4B12-B911-89421EE45E8C} = {895E9332-B561-478C-940F-B999A447E11D}
		{3D8DC9C6-26FA-47E3-99BE-D849F6A618AC} = {895E9332-B561-478C-940F-B999A447E11D}
	EndGlobalSection
	GlobalSection(ExtensibilityGlobals) = postSolution
		SolutionGuid = {2B6F5074-E757-4B9D-B6DF-F1D5A35E6F6F}
	EndGlobalSection
EndGlobal
